
Microsoft Visual Studio Solution File, Format Version 12.00
# Visual Studio Version 16
VisualStudioVersion = 16.0.30711.63
MinimumVisualStudioVersion = 10.0.40219.1
Project("{FAE04EC0-301F-11D3-BF4B-00C04F79EFBC}") = "EFCore.WebAPI", "EFCore.WebAPI\EFCore.WebAPI.csproj", "{7387D36D-B613-4F84-A326-563959E98FFE}"
EndProject
Global
	GlobalSection(SolutionConfigurationPlatforms) = preSolution
		Debug|Any CPU = Debug|Any CPU
		Release|Any CPU = Release|Any CPU
	EndGlobalSection
	GlobalSection(ProjectConfigurationPlatforms) = postSolution
		{7387D36D-B613-4F84-A326-563959E98FFE}.Debug|Any CPU.ActiveCfg = Debug|Any CPU
		{7387D36D-B613-4F84-A326-563959E98FFE}.Debug|Any CPU.Build.0 = Debug|Any CPU
		{7387D36D-B613-4F84-A326-563959E98FFE}.Release|Any CPU.ActiveCfg = Release|Any CPU
		{7387D36D-B613-4F84-A326-563959E98FFE}.Release|Any CPU.Build.0 = Release|Any CPU
	EndGlobalSection
	GlobalSection(SolutionProperties) = preSolution
		HideSolutionNode = FALSE
	EndGlobalSection
	GlobalSection(ExtensibilityGlobals) = postSolution
		SolutionGuid = {0B84D62F-E5EE-4228-8CCA-83B9C0ED85B6}
	EndGlobalSection
EndGlobal
